
Microsoft Visual Studio Solution File, Format Version 12.00
# Visual Studio Version 17
VisualStudioVersion = 17.7.34031.279
MinimumVisualStudioVersion = 10.0.40219.1
Project("{9A19103F-16F7-4668-BE54-9A1E7A4F7556}") = "Social Network", "Social Network\Social Network.csproj", "{2E65F8FA-12FE-4BE6-B14F-CB470348ACD6}"
EndProject
Project("{FAE04EC0-301F-11D3-BF4B-00C04F79EFBC}") = "Social Network.Specs", "Social Network.Specs\Social Network.Specs.csproj", "{DA3000B4-FA48-419D-93D0-8A5B9F773BA1}"
EndProject
Global
	GlobalSection(SolutionConfigurationPlatforms) = preSolution
		Debug|Any CPU = Debug|Any CPU
		Release|Any CPU = Release|Any CPU
	EndGlobalSection
	GlobalSection(ProjectConfigurationPlatforms) = postSolution
		{2E65F8FA-12FE-4BE6-B14F-CB470348ACD6}.Debug|Any CPU.ActiveCfg = Debug|Any CPU
		{2E65F8FA-12FE-4BE6-B14F-CB470348ACD6}.Debug|Any CPU.Build.0 = Debug|Any CPU
		{2E65F8FA-12FE-4BE6-B14F-CB470348ACD6}.Release|Any CPU.ActiveCfg = Release|Any CPU
		{2E65F8FA-12FE-4BE6-B14F-CB470348ACD6}.Release|Any CPU.Build.0 = Release|Any CPU
		{DA3000B4-FA48-419D-93D0-8A5B9F773BA1}.Debug|Any CPU.ActiveCfg = Debug|Any CPU
		{DA3000B4-FA48-419D-93D0-8A5B9F773BA1}.Debug|Any CPU.Build.0 = Debug|Any CPU
		{DA3000B4-FA48-419D-93D0-8A5B9F773BA1}.Release|Any CPU.ActiveCfg = Release|Any CPU
		{DA3000B4-FA48-419D-93D0-8A5B9F773BA1}.Release|Any CPU.Build.0 = Release|Any CPU
	EndGlobalSection
	GlobalSection(SolutionProperties) = preSolution
		HideSolutionNode = FALSE
	EndGlobalSection
	GlobalSection(ExtensibilityGlobals) = postSolution
		SolutionGuid = {34A3F630-C0FD-4D6D-B0CE-9454088A7770}
	EndGlobalSection
EndGlobal
